
Microsoft Visual Studio Solution File, Format Version 12.00
# Visual Studio 15
VisualStudioVersion = 15.0.28010.2041
MinimumVisualStudioVersion = 10.0.40219.1
Project("{FAE04EC0-301F-11D3-BF4B-00C04F79EFBC}") = "ProcessFileLog", "ProcessFileLog\ProcessFileLog.csproj", "{27AD9C19-4AE0-4E1E-9281-08998AFD5830}"
EndProject
Global
	GlobalSection(SolutionConfigurationPlatforms) = preSolution
		Debug|Any CPU = Debug|Any CPU
		Release|Any CPU = Release|Any CPU
	EndGlobalSection
	GlobalSection(ProjectConfigurationPlatforms) = postSolution
		{27AD9C19-4AE0-4E1E-9281-08998AFD5830}.Debug|Any CPU.ActiveCfg = Debug|Any CPU
		{27AD9C19-4AE0-4E1E-9281-08998AFD5830}.Debug|Any CPU.Build.0 = Debug|Any CPU
		{27AD9C19-4AE0-4E1E-9281-08998AFD5830}.Release|Any CPU.ActiveCfg = Release|Any CPU
		{27AD9C19-4AE0-4E1E-9281-08998AFD5830}.Release|Any CPU.Build.0 = Release|Any CPU
	EndGlobalSection
	GlobalSection(SolutionProperties) = preSolution
		HideSolutionNode = FALSE
	EndGlobalSection
	GlobalSection(ExtensibilityGlobals) = postSolution
		SolutionGuid = {52E315FF-E823-4BA1-B8A6-BEC6F84DBFAB}
	EndGlobalSection
EndGlobal
